
Microsoft Visual Studio Solution File, Format Version 12.00
# Visual Studio Version 16
VisualStudioVersion = 16.0.29102.190
MinimumVisualStudioVersion = 10.0.40219.1
Project("{FAE04EC0-301F-11D3-BF4B-00C04F79EFBC}") = "Artefactor", "Artefactor\Artefactor.csproj", "{FD978EC3-78A7-4C37-A5DA-CDA3DB22575E}"
EndProject
Global
	GlobalSection(SolutionConfigurationPlatforms) = preSolution
		Debug|Any CPU = Debug|Any CPU
		Release|Any CPU = Release|Any CPU
	EndGlobalSection
	GlobalSection(ProjectConfigurationPlatforms) = postSolution
		{FD978EC3-78A7-4C37-A5DA-CDA3DB22575E}.Debug|Any CPU.ActiveCfg = Debug|Any CPU
		{FD978EC3-78A7-4C37-A5DA-CDA3DB22575E}.Debug|Any CPU.Build.0 = Debug|Any CPU
		{FD978EC3-78A7-4C37-A5DA-CDA3DB22575E}.Release|Any CPU.ActiveCfg = Release|Any CPU
		{FD978EC3-78A7-4C37-A5DA-CDA3DB22575E}.Release|Any CPU.Build.0 = Release|Any CPU
	EndGlobalSection
	GlobalSection(SolutionProperties) = preSolution
		HideSolutionNode = FALSE
	EndGlobalSection
	GlobalSection(ExtensibilityGlobals) = postSolution
		SolutionGuid = {58AEDA30-1D72-47D0-8533-A8D44CE75C39}
	EndGlobalSection
EndGlobal
